// !$*UTF8*$!
{
	archiveVersion = 1;
	classes = {
	};
	objectVersion = 46;
	objects = {

/* Begin PBXBuildFile section */
		F16DB58E1E70886200AB31DE /* AnimationEditorElement.cpp in Sources */ = {isa = PBXBuildFile; fileRef = F16DB58A1E70886200AB31DE /* AnimationEditorElement.cpp */; };
		F16DB58F1E70886200AB31DE /* CheckerboardElement.cpp in Sources */ = {isa = PBXBuildFile; fileRef = F16DB58C1E70886200AB31DE /* CheckerboardElement.cpp */; };
		F17D978B1E6DCA00003F4D85 /* Assets.xcassets in Resources */ = {isa = PBXBuildFile; fileRef = F17D978A1E6DCA00003F4D85 /* Assets.xcassets */; };
		F17D978E1E6DCA00003F4D85 /* LaunchScreen.storyboard in Resources */ = {isa = PBXBuildFile; fileRef = F17D978C1E6DCA00003F4D85 /* LaunchScreen.storyboard */; };
		F17D979F1E6DCB54003F4D85 /* libFightLib.a in Frameworks */ = {isa = PBXBuildFile; fileRef = F17D979E1E6DCB54003F4D85 /* libFightLib.a */; };
		F17D97AB1E6DCBD1003F4D85 /* AudioToolbox.framework in Frameworks */ = {isa = PBXBuildFile; fileRef = F17D97A01E6DCBD1003F4D85 /* AudioToolbox.framework */; };
		F17D97AC1E6DCBD1003F4D85 /* AVFoundation.framework in Frameworks */ = {isa = PBXBuildFile; fileRef = F17D97A11E6DCBD1003F4D85 /* AVFoundation.framework */; };
		F17D97AD1E6DCBD1003F4D85 /* CoreGraphics.framework in Frameworks */ = {isa = PBXBuildFile; fileRef = F17D97A21E6DCBD1003F4D85 /* CoreGraphics.framework */; };
		F17D97AE1E6DCBD1003F4D85 /* CoreMotion.framework in Frameworks */ = {isa = PBXBuildFile; fileRef = F17D97A31E6DCBD1003F4D85 /* CoreMotion.framework */; };
		F17D97AF1E6DCBD1003F4D85 /* Foundation.framework in Frameworks */ = {isa = PBXBuildFile; fileRef = F17D97A41E6DCBD1003F4D85 /* Foundation.framework */; };
		F17D97B01E6DCBD1003F4D85 /* GameController.framework in Frameworks */ = {isa = PBXBuildFile; fileRef = F17D97A51E6DCBD1003F4D85 /* GameController.framework */; };
		F17D97B11E6DCBD1003F4D85 /* ImageIO.framework in Frameworks */ = {isa = PBXBuildFile; fileRef = F17D97A61E6DCBD1003F4D85 /* ImageIO.framework */; };
		F17D97B21E6DCBD1003F4D85 /* MobileCoreServices.framework in Frameworks */ = {isa = PBXBuildFile; fileRef = F17D97A71E6DCBD1003F4D85 /* MobileCoreServices.framework */; };
		F17D97B31E6DCBD1003F4D85 /* OpenGLES.framework in Frameworks */ = {isa = PBXBuildFile; fileRef = F17D97A81E6DCBD1003F4D85 /* OpenGLES.framework */; };
		F17D97B41E6DCBD1003F4D85 /* QuartzCore.framework in Frameworks */ = {isa = PBXBuildFile; fileRef = F17D97A91E6DCBD1003F4D85 /* QuartzCore.framework */; };
		F17D97B51E6DCBD1003F4D85 /* UIKit.framework in Frameworks */ = {isa = PBXBuildFile; fileRef = F17D97AA1E6DCBD1003F4D85 /* UIKit.framework */; };
		F17D97BD1E6DCBF6003F4D85 /* main.cpp in Sources */ = {isa = PBXBuildFile; fileRef = F17D97B71E6DCBF6003F4D85 /* main.cpp */; };
		F17D97BE1E6DCBF6003F4D85 /* MainApplication.cpp in Sources */ = {isa = PBXBuildFile; fileRef = F17D97B81E6DCBF6003F4D85 /* MainApplication.cpp */; };
/* End PBXBuildFile section */

/* Begin PBXFileReference section */
		F16DB58A1E70886200AB31DE /* AnimationEditorElement.cpp */ = {isa = PBXFileReference; fileEncoding = 4; lastKnownFileType = sourcecode.cpp.cpp; path = AnimationEditorElement.cpp; sourceTree = "<group>"; };
		F16DB58B1E70886200AB31DE /* AnimationEditorElement.hpp */ = {isa = PBXFileReference; fileEncoding = 4; lastKnownFileType = sourcecode.cpp.h; path = AnimationEditorElement.hpp; sourceTree = "<group>"; };
		F16DB58C1E70886200AB31DE /* CheckerboardElement.cpp */ = {isa = PBXFileReference; fileEncoding = 4; lastKnownFileType = sourcecode.cpp.cpp; path = CheckerboardElement.cpp; sourceTree = "<group>"; };
		F16DB58D1E70886200AB31DE /* CheckerboardElement.hpp */ = {isa = PBXFileReference; fileEncoding = 4; lastKnownFileType = sourcecode.cpp.h; path = CheckerboardElement.hpp; sourceTree = "<group>"; };
		F17D977B1E6DCA00003F4D85 /* FightLib-Editor.app */ = {isa = PBXFileReference; explicitFileType = wrapper.application; includeInIndex = 0; path = "FightLib-Editor.app"; sourceTree = BUILT_PRODUCTS_DIR; };
		F17D978A1E6DCA00003F4D85 /* Assets.xcassets */ = {isa = PBXFileReference; lastKnownFileType = folder.assetcatalog; path = Assets.xcassets; sourceTree = "<group>"; };
		F17D978D1E6DCA00003F4D85 /* Base */ = {isa = PBXFileReference; lastKnownFileType = file.storyboard; name = Base; path = Base.lproj/LaunchScreen.storyboard; sourceTree = "<group>"; };
		F17D978F1E6DCA00003F4D85 /* Info.plist */ = {isa = PBXFileReference; lastKnownFileType = text.plist.xml; path = Info.plist; sourceTree = "<group>"; };
		F17D979E1E6DCB54003F4D85 /* libFightLib.a */ = {isa = PBXFileReference; lastKnownFileType = archive.ar; name = libFightLib.a; path = "../../external/FightLib/projects/xcode-iOS/build/Debug-iphoneos/libFightLib.a"; sourceTree = "<group>"; };
		F17D97A01E6DCBD1003F4D85 /* AudioToolbox.framework */ = {isa = PBXFileReference; lastKnownFileType = wrapper.framework; name = AudioToolbox.framework; path = System/Library/Frameworks/AudioToolbox.framework; sourceTree = SDKROOT; };
		F17D97A11E6DCBD1003F4D85 /* AVFoundation.framework */ = {isa = PBXFileReference; lastKnownFileType = wrapper.framework; name = AVFoundation.framework; path = System/Library/Frameworks/AVFoundation.framework; sourceTree = SDKROOT; };
		F17D97A21E6DCBD1003F4D85 /* CoreGraphics.framework */ = {isa = PBXFileReference; lastKnownFileType = wrapper.framework; name = CoreGraphics.framework; path = System/Library/Frameworks/CoreGraphics.framework; sourceTree = SDKROOT; };
		F17D97A31E6DCBD1003F4D85 /* CoreMotion.framework */ = {isa = PBXFileReference; lastKnownFileType = wrapper.framework; name = CoreMotion.framework; path = System/Library/Frameworks/CoreMotion.framework; sourceTree = SDKROOT; };
		F17D97A41E6DCBD1003F4D85 /* Foundation.framework */ = {isa = PBXFileReference; lastKnownFileType = wrapper.framework; name = Foundation.framework; path = System/Library/Frameworks/Foundation.framework; sourceTree = SDKROOT; };
		F17D97A51E6DCBD1003F4D85 /* GameController.framework */ = {isa = PBXFileReference; lastKnownFileType = wrapper.framework; name = GameController.framework; path = System/Library/Frameworks/GameController.framework; sourceTree = SDKROOT; };
		F17D97A61E6DCBD1003F4D85 /* ImageIO.framework */ = {isa = PBXFileReference; lastKnownFileType = wrapper.framework; name = ImageIO.framework; path = System/Library/Frameworks/ImageIO.framework; sourceTree = SDKROOT; };
		F17D97A71E6DCBD1003F4D85 /* MobileCoreServices.framework */ = {isa = PBXFileReference; lastKnownFileType = wrapper.framework; name = MobileCoreServices.framework; path = System/Library/Frameworks/MobileCoreServices.framework; sourceTree = SDKROOT; };
		F17D97A81E6DCBD1003F4D85 /* OpenGLES.framework */ = {isa = PBXFileReference; lastKnownFileType = wrapper.framework; name = OpenGLES.framework; path = System/Library/Frameworks/OpenGLES.framework; sourceTree = SDKROOT; };
		F17D97A91E6DCBD1003F4D85 /* QuartzCore.framework */ = {isa = PBXFileReference; lastKnownFileType = wrapper.framework; name = QuartzCore.framework; path = System/Library/Frameworks/QuartzCore.framework; sourceTree = SDKROOT; };
		F17D97AA1E6DCBD1003F4D85 /* UIKit.framework */ = {isa = PBXFileReference; lastKnownFileType = wrapper.framework; name = UIKit.framework; path = System/Library/Frameworks/UIKit.framework; sourceTree = SDKROOT; };
		F17D97B71E6DCBF6003F4D85 /* main.cpp */ = {isa = PBXFileReference; fileEncoding = 4; lastKnownFileType = sourcecode.cpp.cpp; path = main.cpp; sourceTree = "<group>"; };
		F17D97B81E6DCBF6003F4D85 /* MainApplication.cpp */ = {isa = PBXFileReference; fileEncoding = 4; lastKnownFileType = sourcecode.cpp.cpp; path = MainApplication.cpp; sourceTree = "<group>"; };
		F17D97B91E6DCBF6003F4D85 /* MainApplication.hpp */ = {isa = PBXFileReference; fileEncoding = 4; lastKnownFileType = sourcecode.cpp.h; path = MainApplication.hpp; sourceTree = "<group>"; };
/* End PBXFileReference section */

/* Begin PBXFrameworksBuildPhase section */
		F17D97781E6DCA00003F4D85 /* Frameworks */ = {
			isa = PBXFrameworksBuildPhase;
			buildActionMask = 2147483647;
			files = (
				F17D97AB1E6DCBD1003F4D85 /* AudioToolbox.framework in Frameworks */,
				F17D97AC1E6DCBD1003F4D85 /* AVFoundation.framework in Frameworks */,
				F17D97AD1E6DCBD1003F4D85 /* CoreGraphics.framework in Frameworks */,
				F17D97AE1E6DCBD1003F4D85 /* CoreMotion.framework in Frameworks */,
				F17D97AF1E6DCBD1003F4D85 /* Foundation.framework in Frameworks */,
				F17D97B01E6DCBD1003F4D85 /* GameController.framework in Frameworks */,
				F17D97B11E6DCBD1003F4D85 /* ImageIO.framework in Frameworks */,
				F17D97B21E6DCBD1003F4D85 /* MobileCoreServices.framework in Frameworks */,
				F17D97B31E6DCBD1003F4D85 /* OpenGLES.framework in Frameworks */,
				F17D97B41E6DCBD1003F4D85 /* QuartzCore.framework in Frameworks */,
				F17D97B51E6DCBD1003F4D85 /* UIKit.framework in Frameworks */,
				F17D979F1E6DCB54003F4D85 /* libFightLib.a in Frameworks */,
			);
			runOnlyForDeploymentPostprocessing = 0;
		};
/* End PBXFrameworksBuildPhase section */

/* Begin PBXGroup section */
		F17D97721E6DCA00003F4D85 = {
			isa = PBXGroup;
			children = (
				F17D97951E6DCA6A003F4D85 /* project_assets */,
				F17D97B61E6DCBF6003F4D85 /* src */,
				F17D977C1E6DCA00003F4D85 /* Products */,
				F17D979D1E6DCB54003F4D85 /* Frameworks */,
			);
			sourceTree = "<group>";
		};
		F17D977C1E6DCA00003F4D85 /* Products */ = {
			isa = PBXGroup;
			children = (
				F17D977B1E6DCA00003F4D85 /* FightLib-Editor.app */,
			);
			name = Products;
			sourceTree = "<group>";
		};
		F17D97951E6DCA6A003F4D85 /* project_assets */ = {
			isa = PBXGroup;
			children = (
				F17D978A1E6DCA00003F4D85 /* Assets.xcassets */,
				F17D978C1E6DCA00003F4D85 /* LaunchScreen.storyboard */,
				F17D978F1E6DCA00003F4D85 /* Info.plist */,
			);
			path = project_assets;
			sourceTree = "<group>";
		};
		F17D979D1E6DCB54003F4D85 /* Frameworks */ = {
			isa = PBXGroup;
			children = (
				F17D97A01E6DCBD1003F4D85 /* AudioToolbox.framework */,
				F17D97A11E6DCBD1003F4D85 /* AVFoundation.framework */,
				F17D97A21E6DCBD1003F4D85 /* CoreGraphics.framework */,
				F17D97A31E6DCBD1003F4D85 /* CoreMotion.framework */,
				F17D97A41E6DCBD1003F4D85 /* Foundation.framework */,
				F17D97A51E6DCBD1003F4D85 /* GameController.framework */,
				F17D97A61E6DCBD1003F4D85 /* ImageIO.framework */,
				F17D97A71E6DCBD1003F4D85 /* MobileCoreServices.framework */,
				F17D97A81E6DCBD1003F4D85 /* OpenGLES.framework */,
				F17D97A91E6DCBD1003F4D85 /* QuartzCore.framework */,
				F17D97AA1E6DCBD1003F4D85 /* UIKit.framework */,
				F17D979E1E6DCB54003F4D85 /* libFightLib.a */,
			);
			name = Frameworks;
			sourceTree = "<group>";
		};
		F17D97B61E6DCBF6003F4D85 /* src */ = {
			isa = PBXGroup;
			children = (
				F17D97B71E6DCBF6003F4D85 /* main.cpp */,
				F17D97B81E6DCBF6003F4D85 /* MainApplication.cpp */,
				F17D97B91E6DCBF6003F4D85 /* MainApplication.hpp */,
				F17D97BA1E6DCBF6003F4D85 /* UI */,
			);
			name = src;
			path = ../../src;
			sourceTree = "<group>";
		};
		F17D97BA1E6DCBF6003F4D85 /* UI */ = {
			isa = PBXGroup;
			children = (
				F16DB58A1E70886200AB31DE /* AnimationEditorElement.cpp */,
				F16DB58B1E70886200AB31DE /* AnimationEditorElement.hpp */,
				F16DB58C1E70886200AB31DE /* CheckerboardElement.cpp */,
				F16DB58D1E70886200AB31DE /* CheckerboardElement.hpp */,
			);
			path = UI;
			sourceTree = "<group>";
		};
/* End PBXGroup section */

/* Begin PBXNativeTarget section */
		F17D977A1E6DCA00003F4D85 /* FightLib-Editor */ = {
			isa = PBXNativeTarget;
			buildConfigurationList = F17D97921E6DCA00003F4D85 /* Build configuration list for PBXNativeTarget "FightLib-Editor" */;
			buildPhases = (
				F17D97771E6DCA00003F4D85 /* Sources */,
				F17D97781E6DCA00003F4D85 /* Frameworks */,
				F17D97791E6DCA00003F4D85 /* Resources */,
			);
			buildRules = (
			);
			dependencies = (
			);
			name = "FightLib-Editor";
			productName = "FightLib-Editor";
			productReference = F17D977B1E6DCA00003F4D85 /* FightLib-Editor.app */;
			productType = "com.apple.product-type.application";
		};
/* End PBXNativeTarget section */

/* Begin PBXProject section */
		F17D97731E6DCA00003F4D85 /* Project object */ = {
			isa = PBXProject;
			attributes = {
				LastUpgradeCheck = 0820;
				ORGANIZATIONNAME = "Luis Finke";
				TargetAttributes = {
					F17D977A1E6DCA00003F4D85 = {
						CreatedOnToolsVersion = 8.2.1;
						ProvisioningStyle = Automatic;
					};
				};
			};
			buildConfigurationList = F17D97761E6DCA00003F4D85 /* Build configuration list for PBXProject "FightLib-Editor" */;
			compatibilityVersion = "Xcode 3.2";
			developmentRegion = English;
			hasScannedForEncodings = 0;
			knownRegions = (
				en,
				Base,
			);
			mainGroup = F17D97721E6DCA00003F4D85;
			productRefGroup = F17D977C1E6DCA00003F4D85 /* Products */;
			projectDirPath = "";
			projectRoot = "";
			targets = (
				F17D977A1E6DCA00003F4D85 /* FightLib-Editor */,
			);
		};
/* End PBXProject section */

/* Begin PBXResourcesBuildPhase section */
		F17D97791E6DCA00003F4D85 /* Resources */ = {
			isa = PBXResourcesBuildPhase;
			buildActionMask = 2147483647;
			files = (
				F17D978E1E6DCA00003F4D85 /* LaunchScreen.storyboard in Resources */,
				F17D978B1E6DCA00003F4D85 /* Assets.xcassets in Resources */,
			);
			runOnlyForDeploymentPostprocessing = 0;
		};
/* End PBXResourcesBuildPhase section */

/* Begin PBXSourcesBuildPhase section */
		F17D97771E6DCA00003F4D85 /* Sources */ = {
			isa = PBXSourcesBuildPhase;
			buildActionMask = 2147483647;
			files = (
				F17D97BD1E6DCBF6003F4D85 /* main.cpp in Sources */,
				F16DB58E1E70886200AB31DE /* AnimationEditorElement.cpp in Sources */,
				F17D97BE1E6DCBF6003F4D85 /* MainApplication.cpp in Sources */,
				F16DB58F1E70886200AB31DE /* CheckerboardElement.cpp in Sources */,
			);
			runOnlyForDeploymentPostprocessing = 0;
		};
/* End PBXSourcesBuildPhase section */

/* Begin PBXVariantGroup section */
		F17D978C1E6DCA00003F4D85 /* LaunchScreen.storyboard */ = {
			isa = PBXVariantGroup;
			children = (
				F17D978D1E6DCA00003F4D85 /* Base */,
			);
			name = LaunchScreen.storyboard;
			sourceTree = "<group>";
		};
/* End PBXVariantGroup section */

/* Begin XCBuildConfiguration section */
		F17D97901E6DCA00003F4D85 /* Debug */ = {
			isa = XCBuildConfiguration;
			buildSettings = {
				ALWAYS_SEARCH_USER_PATHS = NO;
				CLANG_ANALYZER_NONNULL = YES;
				CLANG_CXX_LANGUAGE_STANDARD = "gnu++0x";
				CLANG_CXX_LIBRARY = "libc++";
				CLANG_ENABLE_MODULES = YES;
				CLANG_ENABLE_OBJC_ARC = YES;
				CLANG_WARN_BOOL_CONVERSION = YES;
				CLANG_WARN_CONSTANT_CONVERSION = YES;
				CLANG_WARN_DIRECT_OBJC_ISA_USAGE = YES_ERROR;
				CLANG_WARN_DOCUMENTATION_COMMENTS = YES;
				CLANG_WARN_EMPTY_BODY = YES;
				CLANG_WARN_ENUM_CONVERSION = YES;
				CLANG_WARN_INFINITE_RECURSION = YES;
				CLANG_WARN_INT_CONVERSION = YES;
				CLANG_WARN_OBJC_ROOT_CLASS = YES_ERROR;
				CLANG_WARN_SUSPICIOUS_MOVE = YES;
				CLANG_WARN_UNREACHABLE_CODE = YES;
				CLANG_WARN__DUPLICATE_METHOD_MATCH = YES;
				"CODE_SIGN_IDENTITY[sdk=iphoneos*]" = "iPhone Developer";
				COPY_PHASE_STRIP = NO;
				DEBUG_INFORMATION_FORMAT = dwarf;
				ENABLE_STRICT_OBJC_MSGSEND = YES;
				ENABLE_TESTABILITY = YES;
				GCC_C_LANGUAGE_STANDARD = gnu99;
				GCC_DYNAMIC_NO_PIC = NO;
				GCC_NO_COMMON_BLOCKS = YES;
				GCC_OPTIMIZATION_LEVEL = 0;
				GCC_PREPROCESSOR_DEFINITIONS = (
					"DEBUG=1",
					"$(inherited)",
				);
				GCC_WARN_64_TO_32_BIT_CONVERSION = YES;
				GCC_WARN_ABOUT_RETURN_TYPE = YES_ERROR;
				GCC_WARN_UNDECLARED_SELECTOR = YES;
				GCC_WARN_UNINITIALIZED_AUTOS = YES_AGGRESSIVE;
				GCC_WARN_UNUSED_FUNCTION = YES;
				GCC_WARN_UNUSED_VARIABLE = YES;
				IPHONEOS_DEPLOYMENT_TARGET = 10.2;
				MTL_ENABLE_DEBUG_INFO = YES;
				ONLY_ACTIVE_ARCH = YES;
				SDKROOT = iphoneos;
				TARGETED_DEVICE_FAMILY = "1,2";
			};
			name = Debug;
		};
		F17D97911E6DCA00003F4D85 /* Release */ = {
			isa = XCBuildConfiguration;
			buildSettings = {
				ALWAYS_SEARCH_USER_PATHS = NO;
				CLANG_ANALYZER_NONNULL = YES;
				CLANG_CXX_LANGUAGE_STANDARD = "gnu++0x";
				CLANG_CXX_LIBRARY = "libc++";
				CLANG_ENABLE_MODULES = YES;
				CLANG_ENABLE_OBJC_ARC = YES;
				CLANG_WARN_BOOL_CONVERSION = YES;
				CLANG_WARN_CONSTANT_CONVERSION = YES;
				CLANG_WARN_DIRECT_OBJC_ISA_USAGE = YES_ERROR;
				CLANG_WARN_DOCUMENTATION_COMMENTS = YES;
				CLANG_WARN_EMPTY_BODY = YES;
				CLANG_WARN_ENUM_CONVERSION = YES;
				CLANG_WARN_INFINITE_RECURSION = YES;
				CLANG_WARN_INT_CONVERSION = YES;
				CLANG_WARN_OBJC_ROOT_CLASS = YES_ERROR;
				CLANG_WARN_SUSPICIOUS_MOVE = YES;
				CLANG_WARN_UNREACHABLE_CODE = YES;
				CLANG_WARN__DUPLICATE_METHOD_MATCH = YES;
				"CODE_SIGN_IDENTITY[sdk=iphoneos*]" = "iPhone Developer";
				COPY_PHASE_STRIP = NO;
				DEBUG_INFORMATION_FORMAT = "dwarf-with-dsym";
				ENABLE_NS_ASSERTIONS = NO;
				ENABLE_STRICT_OBJC_MSGSEND = YES;
				GCC_C_LANGUAGE_STANDARD = gnu99;
				GCC_NO_COMMON_BLOCKS = YES;
				GCC_WARN_64_TO_32_BIT_CONVERSION = YES;
				GCC_WARN_ABOUT_RETURN_TYPE = YES_ERROR;
				GCC_WARN_UNDECLARED_SELECTOR = YES;
				GCC_WARN_UNINITIALIZED_AUTOS = YES_AGGRESSIVE;
				GCC_WARN_UNUSED_FUNCTION = YES;
				GCC_WARN_UNUSED_VARIABLE = YES;
				IPHONEOS_DEPLOYMENT_TARGET = 10.2;
				MTL_ENABLE_DEBUG_INFO = NO;
				SDKROOT = iphoneos;
				TARGETED_DEVICE_FAMILY = "1,2";
				VALIDATE_PRODUCT = YES;
			};
			name = Release;
		};
		F17D97931E6DCA00003F4D85 /* Debug */ = {
			isa = XCBuildConfiguration;
			buildSettings = {
				ASSETCATALOG_COMPILER_APPICON_NAME = AppIcon;
				HEADER_SEARCH_PATHS = (
					../../external/FightLib/include,
					../../external/FightLib/external/GameLibrary/include,
				);
				INFOPLIST_FILE = "$(SRCROOT)/project_assets/Info.plist";
				LD_RUNPATH_SEARCH_PATHS = "$(inherited) @executable_path/Frameworks";
				PRODUCT_BUNDLE_IDENTIFIER = "com.lufinkey.FightLib-Editor";
				PRODUCT_NAME = "$(TARGET_NAME)";
			};
			name = Debug;
		};
		F17D97941E6DCA00003F4D85 /* Release */ = {
			isa = XCBuildConfiguration;
			buildSettings = {
				ASSETCATALOG_COMPILER_APPICON_NAME = AppIcon;
				HEADER_SEARCH_PATHS = (
					../../external/FightLib/include,
					../../external/FightLib/external/GameLibrary/include,
				);
				INFOPLIST_FILE = "$(SRCROOT)/project_assets/Info.plist";
				LD_RUNPATH_SEARCH_PATHS = "$(inherited) @executable_path/Frameworks";
				PRODUCT_BUNDLE_IDENTIFIER = "com.lufinkey.FightLib-Editor";
				PRODUCT_NAME = "$(TARGET_NAME)";
			};
			name = Release;
		};
/* End XCBuildConfiguration section */

/* Begin XCConfigurationList section */
		F17D97761E6DCA00003F4D85 /* Build configuration list for PBXProject "FightLib-Editor" */ = {
			isa = XCConfigurationList;
			buildConfigurations = (
				F17D97901E6DCA00003F4D85 /* Debug */,
				F17D97911E6DCA00003F4D85 /* Release */,
			);
			defaultConfigurationIsVisible = 0;
			defaultConfigurationName = Release;
		};
		F17D97921E6DCA00003F4D85 /* Build configuration list for PBXNativeTarget "FightLib-Editor" */ = {
			isa = XCConfigurationList;
			buildConfigurations = (
				F17D97931E6DCA00003F4D85 /* Debug */,
				F17D97941E6DCA00003F4D85 /* Release */,
			);
			defaultConfigurationIsVisible = 0;
			defaultConfigurationName = Release;
		};
/* End XCConfigurationList section */
	};
	rootObject = F17D97731E6DCA00003F4D85 /* Project object */;
}
