<?xml version="1.0" encoding="utf-8"?>
<Project ToolsVersion="4.0" xmlns="http://schemas.microsoft.com/developer/msbuild/2003">
  <ItemGroup>
    <Filter Include="src">
      <UniqueIdentifier>{3e8c10d0-2899-416f-ace2-94ff073bb21a}</UniqueIdentifier>
    </Filter>
    <Filter Include="src\Screens">
      <UniqueIdentifier>{671ae352-fb3e-4063-bd5d-aef2d837bf35}</UniqueIdentifier>
    </Filter>
    <Filter Include="src\Screens\UI">
      <UniqueIdentifier>{9a8450b8-1f27-41a1-b11f-4f6510044c13}</UniqueIdentifier>
    </Filter>
  </ItemGroup>
  <ItemGroup>
    <ClCompile Include="..\..\src\main.cpp">
      <Filter>src</Filter>
    </ClCompile>
    <ClCompile Include="..\..\src\MainApplication.cpp">
      <Filter>src</Filter>
    </ClCompile>
    <ClCompile Include="..\..\src\Screens\HomeScreen.cpp">
      <Filter>src\Screens</Filter>
    </ClCompile>
    <ClCompile Include="..\..\src\Screens\UI\AnimationEditorElement.cpp">
      <Filter>src\Screens\UI</Filter>
    </ClCompile>
    <ClCompile Include="..\..\src\Screens\UI\CheckerboardElement.cpp">
      <Filter>src\Screens\UI</Filter>
    </ClCompile>
    <ClCompile Include="..\..\src\Screens\EditAnimationScreen.cpp">
      <Filter>src\Screens</Filter>
    </ClCompile>
    <ClCompile Include="..\..\src\Screens\UI\CarouselSelectorElement.cpp">
      <Filter>src\Screens\UI</Filter>
    </ClCompile>
    <ClCompile Include="..\..\src\Screens\UI\LabeledCheckboxElement.cpp">
      <Filter>src\Screens\UI</Filter>
    </ClCompile>
    <ClCompile Include="..\..\src\Screens\UI\MetaPointElement.cpp">
      <Filter>src\Screens\UI</Filter>
    </ClCompile>
    <ClCompile Include="..\..\src\Screens\UI\MetaPointGroupElement.cpp">
      <Filter>src\Screens\UI</Filter>
    </ClCompile>
    <ClCompile Include="..\..\src\Screens\UI\MetaPointInfoElement.cpp">
      <Filter>src\Screens\UI</Filter>
    </ClCompile>
    <ClCompile Include="..\..\src\Screens\UI\NumberAdjustElement.cpp">
      <Filter>src\Screens\UI</Filter>
    </ClCompile>
    <ClCompile Include="..\..\src\Screens\UI\ArrowAdjustElement.cpp">
      <Filter>src\Screens\UI</Filter>
    </ClCompile>
    <ClCompile Include="..\..\src\Screens\UI\ToolboxElement.cpp">
      <Filter>src\Screens\UI</Filter>
    </ClCompile>
    <ClCompile Include="..\..\src\Screens\UI\ToolboxContainerElement.cpp">
      <Filter>src\Screens\UI</Filter>
    </ClCompile>
    <ClCompile Include="..\..\src\Screens\AddFramesScreen.cpp">
      <Filter>src\Screens</Filter>
    </ClCompile>
  </ItemGroup>
  <ItemGroup>
    <ClInclude Include="..\..\src\MainApplication.hpp">
      <Filter>src</Filter>
    </ClInclude>
    <ClInclude Include="..\..\src\Screens\HomeScreen.hpp">
      <Filter>src\Screens</Filter>
    </ClInclude>
    <ClInclude Include="..\..\src\Screens\UI\AnimationEditorElement.hpp">
      <Filter>src\Screens\UI</Filter>
    </ClInclude>
    <ClInclude Include="..\..\src\Screens\UI\CheckerboardElement.hpp">
      <Filter>src\Screens\UI</Filter>
    </ClInclude>
    <ClInclude Include="..\..\src\Screens\EditAnimationScreen.hpp">
      <Filter>src\Screens</Filter>
    </ClInclude>
    <ClInclude Include="..\..\src\Screens\UI\CarouselSelectorElement.hpp">
      <Filter>src\Screens\UI</Filter>
    </ClInclude>
    <ClInclude Include="..\..\src\Screens\UI\LabeledCheckboxElement.hpp">
      <Filter>src\Screens\UI</Filter>
    </ClInclude>
    <ClInclude Include="..\..\src\Screens\UI\MetaPointElement.hpp">
      <Filter>src\Screens\UI</Filter>
    </ClInclude>
    <ClInclude Include="..\..\src\Screens\UI\MetaPointGroupElement.hpp">
      <Filter>src\Screens\UI</Filter>
    </ClInclude>
    <ClInclude Include="..\..\src\Screens\UI\MetaPointInfoElement.hpp">
      <Filter>src\Screens\UI</Filter>
    </ClInclude>
    <ClInclude Include="..\..\src\Screens\UI\NumberAdjustElement.hpp">
      <Filter>src\Screens\UI</Filter>
    </ClInclude>
    <ClInclude Include="..\..\src\Screens\UI\ArrowAdjustElement.hpp">
      <Filter>src\Screens\UI</Filter>
    </ClInclude>
    <ClInclude Include="..\..\src\Screens\UI\ToolboxElement.hpp">
      <Filter>src\Screens\UI</Filter>
    </ClInclude>
    <ClInclude Include="..\..\src\Screens\UI\ToolboxContainerElement.hpp">
      <Filter>src\Screens\UI</Filter>
    </ClInclude>
    <ClInclude Include="..\..\src\Screens\AddFramesScreen.hpp">
      <Filter>src\Screens</Filter>
    </ClInclude>
  </ItemGroup>
</Project>