<?xml version="1.0" encoding="utf-8"?>
<Project ToolsVersion="4.0" xmlns="http://schemas.microsoft.com/developer/msbuild/2003">
  <ItemGroup>
    <Filter Include="src">
      <UniqueIdentifier>{3e8c10d0-2899-416f-ace2-94ff073bb21a}</UniqueIdentifier>
    </Filter>
    <Filter Include="src\UI">
      <UniqueIdentifier>{e55c4498-d4b5-4231-896a-ec0515babdea}</UniqueIdentifier>
    </Filter>
  </ItemGroup>
  <ItemGroup>
    <ClCompile Include="..\..\src\main.cpp">
      <Filter>src</Filter>
    </ClCompile>
    <ClCompile Include="..\..\src\MainApplication.cpp">
      <Filter>src</Filter>
    </ClCompile>
    <ClCompile Include="..\..\src\UI\CheckerboardPatternElement.cpp">
      <Filter>src\UI</Filter>
    </ClCompile>
  </ItemGroup>
  <ItemGroup>
    <ClInclude Include="..\..\src\UI\CheckerboardPatternElement.hpp">
      <Filter>src\UI</Filter>
    </ClInclude>
    <ClInclude Include="..\..\src\MainApplication.hpp">
      <Filter>src</Filter>
    </ClInclude>
  </ItemGroup>
</Project>